
Microsoft Visual Studio Solution File, Format Version 12.00
# Visual Studio Version 17
VisualStudioVersion = 17.1.32407.343
MinimumVisualStudioVersion = 10.0.40219.1
Project("{FAE04EC0-301F-11D3-BF4B-00C04F79EFBC}") = "PharmacyManagementSystem", "PharmacyManagementSystem\PharmacyManagementSystem.csproj", "{27BA9449-90F0-439D-95D7-93C1623646DD}"
EndProject
Global
	GlobalSection(SolutionConfigurationPlatforms) = preSolution
		Debug|Any CPU = Debug|Any CPU
		Release|Any CPU = Release|Any CPU
	EndGlobalSection
	GlobalSection(ProjectConfigurationPlatforms) = postSolution
		{27BA9449-90F0-439D-95D7-93C1623646DD}.Debug|Any CPU.ActiveCfg = Debug|Any CPU
		{27BA9449-90F0-439D-95D7-93C1623646DD}.Debug|Any CPU.Build.0 = Debug|Any CPU
		{27BA9449-90F0-439D-95D7-93C1623646DD}.Release|Any CPU.ActiveCfg = Release|Any CPU
		{27BA9449-90F0-439D-95D7-93C1623646DD}.Release|Any CPU.Build.0 = Release|Any CPU
	EndGlobalSection
	GlobalSection(SolutionProperties) = preSolution
		HideSolutionNode = FALSE
	EndGlobalSection
	GlobalSection(ExtensibilityGlobals) = postSolution
		SolutionGuid = {2460CA52-C6B2-4FDB-8213-3543B4E29141}
	EndGlobalSection
EndGlobal
